
Microsoft Visual Studio Solution File, Format Version 12.00
# Visual Studio 2012
Project("{FAE04EC0-301F-11D3-BF4B-00C04F79EFBC}") = "MvcMovie", "MvcMovie\MvcMovie.csproj", "{DCBB4813-7CB3-4EE9-94D9-621D9A3F4FCC}"
EndProject
Project("{FAE04EC0-301F-11D3-BF4B-00C04F79EFBC}") = "MvcMovie.Tests", "MvcMovie.Tests\MvcMovie.Tests.csproj", "{645C4912-041A-4FAE-A6F9-482B86A26C07}"
EndProject
Global
	GlobalSection(SolutionConfigurationPlatforms) = preSolution
		Debug|Any CPU = Debug|Any CPU
		Release|Any CPU = Release|Any CPU
	EndGlobalSection
	GlobalSection(ProjectConfigurationPlatforms) = postSolution
		{DCBB4813-7CB3-4EE9-94D9-621D9A3F4FCC}.Debug|Any CPU.ActiveCfg = Debug|Any CPU
		{DCBB4813-7CB3-4EE9-94D9-621D9A3F4FCC}.Debug|Any CPU.Build.0 = Debug|Any CPU
		{DCBB4813-7CB3-4EE9-94D9-621D9A3F4FCC}.Release|Any CPU.ActiveCfg = Release|Any CPU
		{DCBB4813-7CB3-4EE9-94D9-621D9A3F4FCC}.Release|Any CPU.Build.0 = Release|Any CPU
		{645C4912-041A-4FAE-A6F9-482B86A26C07}.Debug|Any CPU.ActiveCfg = Debug|Any CPU
		{645C4912-041A-4FAE-A6F9-482B86A26C07}.Debug|Any CPU.Build.0 = Debug|Any CPU
		{645C4912-041A-4FAE-A6F9-482B86A26C07}.Release|Any CPU.ActiveCfg = Release|Any CPU
		{645C4912-041A-4FAE-A6F9-482B86A26C07}.Release|Any CPU.Build.0 = Release|Any CPU
	EndGlobalSection
	GlobalSection(SolutionProperties) = preSolution
		HideSolutionNode = FALSE
	EndGlobalSection
EndGlobal
